
Microsoft Visual Studio Solution File, Format Version 12.00
# Visual Studio Version 17
VisualStudioVersion = 17.4.33205.214
MinimumVisualStudioVersion = 10.0.40219.1
Project("{9A19103F-16F7-4668-BE54-9A1E7A4F7556}") = "Calabonga.OperationResults", "Calabonga.OperationResults\Calabonga.OperationResults.csproj", "{E453A0C8-54C5-442A-85C9-2E9BA2E156C7}"
EndProject
Project("{9A19103F-16F7-4668-BE54-9A1E7A4F7556}") = "Calabonga.OperationResults.Tests", "Calabonga.OperationResults.Tests\Calabonga.OperationResults.Tests.csproj", "{A2CB8326-F337-4FC3-9F8C-7490A5A63A1C}"
EndProject
Project("{2150E333-8FDC-42A3-9474-1A3956D46DE8}") = "Solution Items", "Solution Items", "{1EB09BCC-5FCE-433A-AE0F-9CBD3D9CD02B}"
	ProjectSection(SolutionItems) = preProject
		.editorconfig = .editorconfig
		..\.github\workflows\main.yml = ..\.github\workflows\main.yml
		..\README.md = ..\README.md
	EndProjectSection
EndProject
Global
	GlobalSection(SolutionConfigurationPlatforms) = preSolution
		Debug|Any CPU = Debug|Any CPU
		Release|Any CPU = Release|Any CPU
	EndGlobalSection
	GlobalSection(ProjectConfigurationPlatforms) = postSolution
		{E453A0C8-54C5-442A-85C9-2E9BA2E156C7}.Debug|Any CPU.ActiveCfg = Debug|Any CPU
		{E453A0C8-54C5-442A-85C9-2E9BA2E156C7}.Debug|Any CPU.Build.0 = Debug|Any CPU
		{E453A0C8-54C5-442A-85C9-2E9BA2E156C7}.Release|Any CPU.ActiveCfg = Release|Any CPU
		{E453A0C8-54C5-442A-85C9-2E9BA2E156C7}.Release|Any CPU.Build.0 = Release|Any CPU
		{A2CB8326-F337-4FC3-9F8C-7490A5A63A1C}.Debug|Any CPU.ActiveCfg = Debug|Any CPU
		{A2CB8326-F337-4FC3-9F8C-7490A5A63A1C}.Debug|Any CPU.Build.0 = Debug|Any CPU
		{A2CB8326-F337-4FC3-9F8C-7490A5A63A1C}.Release|Any CPU.ActiveCfg = Release|Any CPU
		{A2CB8326-F337-4FC3-9F8C-7490A5A63A1C}.Release|Any CPU.Build.0 = Release|Any CPU
	EndGlobalSection
	GlobalSection(SolutionProperties) = preSolution
		HideSolutionNode = FALSE
	EndGlobalSection
	GlobalSection(ExtensibilityGlobals) = postSolution
		SolutionGuid = {CDDE822C-F68B-4E02-9B31-92797E5DBB1A}
	EndGlobalSection
EndGlobal
